
Microsoft Visual Studio Solution File, Format Version 12.00
# Visual Studio 2013
VisualStudioVersion = 12.0.21005.1
MinimumVisualStudioVersion = 10.0.40219.1
Project("{FAE04EC0-301F-11D3-BF4B-00C04F79EFBC}") = "client", "tcp-client-server\client.csproj", "{3EA82A64-082A-4157-93FA-B727888A7354}"
EndProject
Project("{FAE04EC0-301F-11D3-BF4B-00C04F79EFBC}") = "server", "server\server.csproj", "{FEACB49F-8D6F-4CBE-92A7-A0A129614F41}"
EndProject
Global
	GlobalSection(SolutionConfigurationPlatforms) = preSolution
		Debug|Any CPU = Debug|Any CPU
		Release|Any CPU = Release|Any CPU
	EndGlobalSection
	GlobalSection(ProjectConfigurationPlatforms) = postSolution
		{3EA82A64-082A-4157-93FA-B727888A7354}.Debug|Any CPU.ActiveCfg = Debug|Any CPU
		{3EA82A64-082A-4157-93FA-B727888A7354}.Debug|Any CPU.Build.0 = Debug|Any CPU
		{3EA82A64-082A-4157-93FA-B727888A7354}.Release|Any CPU.ActiveCfg = Release|Any CPU
		{3EA82A64-082A-4157-93FA-B727888A7354}.Release|Any CPU.Build.0 = Release|Any CPU
		{FEACB49F-8D6F-4CBE-92A7-A0A129614F41}.Debug|Any CPU.ActiveCfg = Debug|Any CPU
		{FEACB49F-8D6F-4CBE-92A7-A0A129614F41}.Debug|Any CPU.Build.0 = Debug|Any CPU
		{FEACB49F-8D6F-4CBE-92A7-A0A129614F41}.Release|Any CPU.ActiveCfg = Release|Any CPU
		{FEACB49F-8D6F-4CBE-92A7-A0A129614F41}.Release|Any CPU.Build.0 = Release|Any CPU
	EndGlobalSection
	GlobalSection(SolutionProperties) = preSolution
		HideSolutionNode = FALSE
	EndGlobalSection
EndGlobal
